
Microsoft Visual Studio Solution File, Format Version 12.00
# Visual Studio Version 17
VisualStudioVersion = 17.14.36915.13 d17.14
MinimumVisualStudioVersion = 10.0.40219.1
Project("{FAE04EC0-301F-11D3-BF4B-00C04F79EFBC}") = "EElmore-CPT-206-Lab-2", "EElmore-CPT-206-Lab-2.csproj", "{0BEEEC5D-2A94-4AC4-9626-66E2374B7076}"
EndProject
Global
	GlobalSection(SolutionConfigurationPlatforms) = preSolution
		Debug|Any CPU = Debug|Any CPU
		Release|Any CPU = Release|Any CPU
	EndGlobalSection
	GlobalSection(ProjectConfigurationPlatforms) = postSolution
		{0BEEEC5D-2A94-4AC4-9626-66E2374B7076}.Debug|Any CPU.ActiveCfg = Debug|Any CPU
		{0BEEEC5D-2A94-4AC4-9626-66E2374B7076}.Debug|Any CPU.Build.0 = Debug|Any CPU
		{0BEEEC5D-2A94-4AC4-9626-66E2374B7076}.Release|Any CPU.ActiveCfg = Release|Any CPU
		{0BEEEC5D-2A94-4AC4-9626-66E2374B7076}.Release|Any CPU.Build.0 = Release|Any CPU
	EndGlobalSection
	GlobalSection(SolutionProperties) = preSolution
		HideSolutionNode = FALSE
	EndGlobalSection
	GlobalSection(ExtensibilityGlobals) = postSolution
		SolutionGuid = {2427D1F1-E73A-4B86-ACF1-560930B4FB29}
	EndGlobalSection
EndGlobal
